
Microsoft Visual Studio Solution File, Format Version 12.00
# Visual Studio Version 17
VisualStudioVersion = 17.0.31903.59
MinimumVisualStudioVersion = 10.0.40219.1
Project("{2150E333-8FDC-42A3-9474-1A3956D46DE8}") = "src", "src", "{827E0CD3-B72D-47B6-A68D-7590B98EB39B}"
EndProject
Project("{FAE04EC0-301F-11D3-BF4B-00C04F79EFBC}") = "Pokedex.Api", "src\Pokedex.Api\Pokedex.Api.csproj", "{E0B7563E-B101-495E-A779-B003951E9875}"
EndProject
Project("{2150E333-8FDC-42A3-9474-1A3956D46DE8}") = "tests", "tests", "{0AB3BF05-4346-4AA6-1389-037BE0695223}"
EndProject
Project("{FAE04EC0-301F-11D3-BF4B-00C04F79EFBC}") = "Pokedex.Tests", "tests\Pokedex.Tests\Pokedex.Tests.csproj", "{E6C5DA59-A71A-47B7-900D-26D5FF66B2DD}"
EndProject
Global
	GlobalSection(SolutionConfigurationPlatforms) = preSolution
		Debug|Any CPU = Debug|Any CPU
		Debug|x64 = Debug|x64
		Debug|x86 = Debug|x86
		Release|Any CPU = Release|Any CPU
		Release|x64 = Release|x64
		Release|x86 = Release|x86
	EndGlobalSection
	GlobalSection(ProjectConfigurationPlatforms) = postSolution
		{E0B7563E-B101-495E-A779-B003951E9875}.Debug|Any CPU.ActiveCfg = Debug|Any CPU
		{E0B7563E-B101-495E-A779-B003951E9875}.Debug|Any CPU.Build.0 = Debug|Any CPU
		{E0B7563E-B101-495E-A779-B003951E9875}.Debug|x64.ActiveCfg = Debug|Any CPU
		{E0B7563E-B101-495E-A779-B003951E9875}.Debug|x64.Build.0 = Debug|Any CPU
		{E0B7563E-B101-495E-A779-B003951E9875}.Debug|x86.ActiveCfg = Debug|Any CPU
		{E0B7563E-B101-495E-A779-B003951E9875}.Debug|x86.Build.0 = Debug|Any CPU
		{E0B7563E-B101-495E-A779-B003951E9875}.Release|Any CPU.ActiveCfg = Release|Any CPU
		{E0B7563E-B101-495E-A779-B003951E9875}.Release|Any CPU.Build.0 = Release|Any CPU
		{E0B7563E-B101-495E-A779-B003951E9875}.Release|x64.ActiveCfg = Release|Any CPU
		{E0B7563E-B101-495E-A779-B003951E9875}.Release|x64.Build.0 = Release|Any CPU
		{E0B7563E-B101-495E-A779-B003951E9875}.Release|x86.ActiveCfg = Release|Any CPU
		{E0B7563E-B101-495E-A779-B003951E9875}.Release|x86.Build.0 = Release|Any CPU
		{E6C5DA59-A71A-47B7-900D-26D5FF66B2DD}.Debug|Any CPU.ActiveCfg = Debug|Any CPU
		{E6C5DA59-A71A-47B7-900D-26D5FF66B2DD}.Debug|Any CPU.Build.0 = Debug|Any CPU
		{E6C5DA59-A71A-47B7-900D-26D5FF66B2DD}.Debug|x64.ActiveCfg = Debug|Any CPU
		{E6C5DA59-A71A-47B7-900D-26D5FF66B2DD}.Debug|x64.Build.0 = Debug|Any CPU
		{E6C5DA59-A71A-47B7-900D-26D5FF66B2DD}.Debug|x86.ActiveCfg = Debug|Any CPU
		{E6C5DA59-A71A-47B7-900D-26D5FF66B2DD}.Debug|x86.Build.0 = Debug|Any CPU
		{E6C5DA59-A71A-47B7-900D-26D5FF66B2DD}.Release|Any CPU.ActiveCfg = Release|Any CPU
		{E6C5DA59-A71A-47B7-900D-26D5FF66B2DD}.Release|Any CPU.Build.0 = Release|Any CPU
		{E6C5DA59-A71A-47B7-900D-26D5FF66B2DD}.Release|x64.ActiveCfg = Release|Any CPU
		{E6C5DA59-A71A-47B7-900D-26D5FF66B2DD}.Release|x64.Build.0 = Release|Any CPU
		{E6C5DA59-A71A-47B7-900D-26D5FF66B2DD}.Release|x86.ActiveCfg = Release|Any CPU
		{E6C5DA59-A71A-47B7-900D-26D5FF66B2DD}.Release|x86.Build.0 = Release|Any CPU
	EndGlobalSection
	GlobalSection(SolutionProperties) = preSolution
		HideSolutionNode = FALSE
	EndGlobalSection
	GlobalSection(NestedProjects) = preSolution
		{E0B7563E-B101-495E-A779-B003951E9875} = {827E0CD3-B72D-47B6-A68D-7590B98EB39B}
		{E6C5DA59-A71A-47B7-900D-26D5FF66B2DD} = {0AB3BF05-4346-4AA6-1389-037BE0695223}
	EndGlobalSection
EndGlobal
